
Microsoft Visual Studio Solution File, Format Version 12.00
# Visual Studio 14
VisualStudioVersion = 14.0.25420.1
MinimumVisualStudioVersion = 10.0.40219.1
Project("{FAE04EC0-301F-11D3-BF4B-00C04F79EFBC}") = "ZJB.Core", "ZJB.Core\ZJB.Core.csproj", "{CE002939-E88F-457D-80B3-5B109AAE7E2B}"
EndProject
Project("{FAE04EC0-301F-11D3-BF4B-00C04F79EFBC}") = "ZJB.Web", "ZJB.Web\ZJB.Web.csproj", "{347CD408-F464-4278-8F30-5F856E72D819}"
EndProject
Project("{2150E333-8FDC-42A3-9474-1A3956D46DE8}") = "1.BusinessRule", "1.BusinessRule", "{D4B46939-3B5B-495D-AC1E-AB52F7797BC4}"
EndProject
Project("{2150E333-8FDC-42A3-9474-1A3956D46DE8}") = "2.Components", "2.Components", "{F225D93D-48E3-43FF-A1E9-156BFA06917C}"
EndProject
Project("{2150E333-8FDC-42A3-9474-1A3956D46DE8}") = "3.Portal", "3.Portal", "{89F30562-3F04-416D-B791-2A8B8E1B70FC}"
EndProject
Project("{FAE04EC0-301F-11D3-BF4B-00C04F79EFBC}") = "ZJB.Api", "ZJB.Api\ZJB.Api.csproj", "{9063DB15-56DD-48FF-BB11-354282B37AEA}"
EndProject
Project("{FAE04EC0-301F-11D3-BF4B-00C04F79EFBC}") = "ZJB.WX", "ZJB.WX\ZJB.WX.csproj", "{36DE1508-A966-434F-87A9-30EA56EB8B6E}"
EndProject
Project("{FAE04EC0-301F-11D3-BF4B-00C04F79EFBC}") = "ZJB.Opportal", "ZJB.Opportal\ZJB.Opportal.csproj", "{DBA1B78D-1D07-4910-97AB-B5F1E4DF70D5}"
EndProject
Project("{FAE04EC0-301F-11D3-BF4B-00C04F79EFBC}") = "ZJB.Pager", "ZJB.Pager\ZJB.Pager.csproj", "{C4E8D3FF-3BB4-40AC-873C-B6C6D6FCC86B}"
EndProject
Project("{FAE04EC0-301F-11D3-BF4B-00C04F79EFBC}") = "ZJB.CommonService", "ZJB.CommonService\ZJB.CommonService.csproj", "{CCD291E9-16FA-4B53-B032-EBD3F659567B}"
EndProject
Global
	GlobalSection(SolutionConfigurationPlatforms) = preSolution
		Debug|Any CPU = Debug|Any CPU
		Debug|x86 = Debug|x86
		Release|Any CPU = Release|Any CPU
		Release|x86 = Release|x86
	EndGlobalSection
	GlobalSection(ProjectConfigurationPlatforms) = postSolution
		{CE002939-E88F-457D-80B3-5B109AAE7E2B}.Debug|Any CPU.ActiveCfg = Debug|Any CPU
		{CE002939-E88F-457D-80B3-5B109AAE7E2B}.Debug|Any CPU.Build.0 = Debug|Any CPU
		{CE002939-E88F-457D-80B3-5B109AAE7E2B}.Debug|x86.ActiveCfg = Debug|Any CPU
		{CE002939-E88F-457D-80B3-5B109AAE7E2B}.Debug|x86.Build.0 = Debug|Any CPU
		{CE002939-E88F-457D-80B3-5B109AAE7E2B}.Release|Any CPU.ActiveCfg = Release|Any CPU
		{CE002939-E88F-457D-80B3-5B109AAE7E2B}.Release|Any CPU.Build.0 = Release|Any CPU
		{CE002939-E88F-457D-80B3-5B109AAE7E2B}.Release|x86.ActiveCfg = Release|Any CPU
		{CE002939-E88F-457D-80B3-5B109AAE7E2B}.Release|x86.Build.0 = Release|Any CPU
		{347CD408-F464-4278-8F30-5F856E72D819}.Debug|Any CPU.ActiveCfg = Debug|Any CPU
		{347CD408-F464-4278-8F30-5F856E72D819}.Debug|Any CPU.Build.0 = Debug|Any CPU
		{347CD408-F464-4278-8F30-5F856E72D819}.Debug|x86.ActiveCfg = Debug|Any CPU
		{347CD408-F464-4278-8F30-5F856E72D819}.Debug|x86.Build.0 = Debug|Any CPU
		{347CD408-F464-4278-8F30-5F856E72D819}.Release|Any CPU.ActiveCfg = Release|Any CPU
		{347CD408-F464-4278-8F30-5F856E72D819}.Release|Any CPU.Build.0 = Release|Any CPU
		{347CD408-F464-4278-8F30-5F856E72D819}.Release|x86.ActiveCfg = Release|Any CPU
		{347CD408-F464-4278-8F30-5F856E72D819}.Release|x86.Build.0 = Release|Any CPU
		{9063DB15-56DD-48FF-BB11-354282B37AEA}.Debug|Any CPU.ActiveCfg = Debug|Any CPU
		{9063DB15-56DD-48FF-BB11-354282B37AEA}.Debug|Any CPU.Build.0 = Debug|Any CPU
		{9063DB15-56DD-48FF-BB11-354282B37AEA}.Debug|x86.ActiveCfg = Debug|Any CPU
		{9063DB15-56DD-48FF-BB11-354282B37AEA}.Debug|x86.Build.0 = Debug|Any CPU
		{9063DB15-56DD-48FF-BB11-354282B37AEA}.Release|Any CPU.ActiveCfg = Release|Any CPU
		{9063DB15-56DD-48FF-BB11-354282B37AEA}.Release|Any CPU.Build.0 = Release|Any CPU
		{9063DB15-56DD-48FF-BB11-354282B37AEA}.Release|x86.ActiveCfg = Release|Any CPU
		{9063DB15-56DD-48FF-BB11-354282B37AEA}.Release|x86.Build.0 = Release|Any CPU
		{36DE1508-A966-434F-87A9-30EA56EB8B6E}.Debug|Any CPU.ActiveCfg = Debug|Any CPU
		{36DE1508-A966-434F-87A9-30EA56EB8B6E}.Debug|Any CPU.Build.0 = Debug|Any CPU
		{36DE1508-A966-434F-87A9-30EA56EB8B6E}.Debug|x86.ActiveCfg = Debug|Any CPU
		{36DE1508-A966-434F-87A9-30EA56EB8B6E}.Debug|x86.Build.0 = Debug|Any CPU
		{36DE1508-A966-434F-87A9-30EA56EB8B6E}.Release|Any CPU.ActiveCfg = Release|Any CPU
		{36DE1508-A966-434F-87A9-30EA56EB8B6E}.Release|Any CPU.Build.0 = Release|Any CPU
		{36DE1508-A966-434F-87A9-30EA56EB8B6E}.Release|x86.ActiveCfg = Release|Any CPU
		{36DE1508-A966-434F-87A9-30EA56EB8B6E}.Release|x86.Build.0 = Release|Any CPU
		{DBA1B78D-1D07-4910-97AB-B5F1E4DF70D5}.Debug|Any CPU.ActiveCfg = Debug|Any CPU
		{DBA1B78D-1D07-4910-97AB-B5F1E4DF70D5}.Debug|Any CPU.Build.0 = Debug|Any CPU
		{DBA1B78D-1D07-4910-97AB-B5F1E4DF70D5}.Debug|x86.ActiveCfg = Debug|Any CPU
		{DBA1B78D-1D07-4910-97AB-B5F1E4DF70D5}.Debug|x86.Build.0 = Debug|Any CPU
		{DBA1B78D-1D07-4910-97AB-B5F1E4DF70D5}.Release|Any CPU.ActiveCfg = Release|Any CPU
		{DBA1B78D-1D07-4910-97AB-B5F1E4DF70D5}.Release|Any CPU.Build.0 = Release|Any CPU
		{DBA1B78D-1D07-4910-97AB-B5F1E4DF70D5}.Release|x86.ActiveCfg = Release|Any CPU
		{DBA1B78D-1D07-4910-97AB-B5F1E4DF70D5}.Release|x86.Build.0 = Release|Any CPU
		{C4E8D3FF-3BB4-40AC-873C-B6C6D6FCC86B}.Debug|Any CPU.ActiveCfg = Debug|Any CPU
		{C4E8D3FF-3BB4-40AC-873C-B6C6D6FCC86B}.Debug|Any CPU.Build.0 = Debug|Any CPU
		{C4E8D3FF-3BB4-40AC-873C-B6C6D6FCC86B}.Debug|x86.ActiveCfg = Debug|Any CPU
		{C4E8D3FF-3BB4-40AC-873C-B6C6D6FCC86B}.Debug|x86.Build.0 = Debug|Any CPU
		{C4E8D3FF-3BB4-40AC-873C-B6C6D6FCC86B}.Release|Any CPU.ActiveCfg = Release|Any CPU
		{C4E8D3FF-3BB4-40AC-873C-B6C6D6FCC86B}.Release|Any CPU.Build.0 = Release|Any CPU
		{C4E8D3FF-3BB4-40AC-873C-B6C6D6FCC86B}.Release|x86.ActiveCfg = Release|Any CPU
		{C4E8D3FF-3BB4-40AC-873C-B6C6D6FCC86B}.Release|x86.Build.0 = Release|Any CPU
		{CCD291E9-16FA-4B53-B032-EBD3F659567B}.Debug|Any CPU.ActiveCfg = Debug|Any CPU
		{CCD291E9-16FA-4B53-B032-EBD3F659567B}.Debug|Any CPU.Build.0 = Debug|Any CPU
		{CCD291E9-16FA-4B53-B032-EBD3F659567B}.Debug|x86.ActiveCfg = Debug|x86
		{CCD291E9-16FA-4B53-B032-EBD3F659567B}.Debug|x86.Build.0 = Debug|x86
		{CCD291E9-16FA-4B53-B032-EBD3F659567B}.Release|Any CPU.ActiveCfg = Release|Any CPU
		{CCD291E9-16FA-4B53-B032-EBD3F659567B}.Release|Any CPU.Build.0 = Release|Any CPU
		{CCD291E9-16FA-4B53-B032-EBD3F659567B}.Release|x86.ActiveCfg = Release|x86
		{CCD291E9-16FA-4B53-B032-EBD3F659567B}.Release|x86.Build.0 = Release|x86
	EndGlobalSection
	GlobalSection(SolutionProperties) = preSolution
		HideSolutionNode = FALSE
	EndGlobalSection
	GlobalSection(NestedProjects) = preSolution
		{CE002939-E88F-457D-80B3-5B109AAE7E2B} = {F225D93D-48E3-43FF-A1E9-156BFA06917C}
		{347CD408-F464-4278-8F30-5F856E72D819} = {F225D93D-48E3-43FF-A1E9-156BFA06917C}
		{9063DB15-56DD-48FF-BB11-354282B37AEA} = {D4B46939-3B5B-495D-AC1E-AB52F7797BC4}
		{36DE1508-A966-434F-87A9-30EA56EB8B6E} = {89F30562-3F04-416D-B791-2A8B8E1B70FC}
		{DBA1B78D-1D07-4910-97AB-B5F1E4DF70D5} = {89F30562-3F04-416D-B791-2A8B8E1B70FC}
		{C4E8D3FF-3BB4-40AC-873C-B6C6D6FCC86B} = {F225D93D-48E3-43FF-A1E9-156BFA06917C}
		{CCD291E9-16FA-4B53-B032-EBD3F659567B} = {F225D93D-48E3-43FF-A1E9-156BFA06917C}
	EndGlobalSection
EndGlobal
